
Microsoft Visual Studio Solution File, Format Version 12.00
# Visual Studio Version 17
VisualStudioVersion = 17.14.36603.0 d17.14
MinimumVisualStudioVersion = 10.0.40219.1
Project("{FAE04EC0-301F-11D3-BF4B-00C04F79EFBC}") = "EjerciciosUnidad7", "EjerciciosUnidad7\EjerciciosUnidad7.csproj", "{05DBEAAF-97D5-4627-9CA8-4B045E0E529D}"
EndProject
Global
	GlobalSection(SolutionConfigurationPlatforms) = preSolution
		Debug|Any CPU = Debug|Any CPU
		Release|Any CPU = Release|Any CPU
	EndGlobalSection
	GlobalSection(ProjectConfigurationPlatforms) = postSolution
		{05DBEAAF-97D5-4627-9CA8-4B045E0E529D}.Debug|Any CPU.ActiveCfg = Debug|Any CPU
		{05DBEAAF-97D5-4627-9CA8-4B045E0E529D}.Debug|Any CPU.Build.0 = Debug|Any CPU
		{05DBEAAF-97D5-4627-9CA8-4B045E0E529D}.Release|Any CPU.ActiveCfg = Release|Any CPU
		{05DBEAAF-97D5-4627-9CA8-4B045E0E529D}.Release|Any CPU.Build.0 = Release|Any CPU
	EndGlobalSection
	GlobalSection(SolutionProperties) = preSolution
		HideSolutionNode = FALSE
	EndGlobalSection
	GlobalSection(ExtensibilityGlobals) = postSolution
		SolutionGuid = {C25B5FDE-AD7B-4755-B141-5C5A869EB5A9}
	EndGlobalSection
EndGlobal
