
Microsoft Visual Studio Solution File, Format Version 12.00
# Visual Studio Version 17
VisualStudioVersion = 17.14.36717.8 d17.14
MinimumVisualStudioVersion = 10.0.40219.1
Project("{FAE04EC0-301F-11D3-BF4B-00C04F79EFBC}") = "UI", "UI\UI.csproj", "{8A0847DA-DE07-48C9-BFC2-6604CE271FD8}"
EndProject
Project("{FAE04EC0-301F-11D3-BF4B-00C04F79EFBC}") = "Domain", "Domain\Domain.csproj", "{5DABF03A-A552-48E1-B3B6-D0F83E588DA0}"
EndProject
Project("{FAE04EC0-301F-11D3-BF4B-00C04F79EFBC}") = "Data", "Data\Data.csproj", "{53D70246-BC24-43B5-8A26-697816237802}"
EndProject
Project("{FAE04EC0-301F-11D3-BF4B-00C04F79EFBC}") = "CompositionRoot", "CompositionRoot\CompositionRoot.csproj", "{886F8585-B78D-4AFA-A435-C5DC43D9A4D4}"
EndProject
Global
	GlobalSection(SolutionConfigurationPlatforms) = preSolution
		Debug|Any CPU = Debug|Any CPU
		Release|Any CPU = Release|Any CPU
	EndGlobalSection
	GlobalSection(ProjectConfigurationPlatforms) = postSolution
		{8A0847DA-DE07-48C9-BFC2-6604CE271FD8}.Debug|Any CPU.ActiveCfg = Debug|Any CPU
		{8A0847DA-DE07-48C9-BFC2-6604CE271FD8}.Debug|Any CPU.Build.0 = Debug|Any CPU
		{8A0847DA-DE07-48C9-BFC2-6604CE271FD8}.Release|Any CPU.ActiveCfg = Release|Any CPU
		{8A0847DA-DE07-48C9-BFC2-6604CE271FD8}.Release|Any CPU.Build.0 = Release|Any CPU
		{5DABF03A-A552-48E1-B3B6-D0F83E588DA0}.Debug|Any CPU.ActiveCfg = Debug|Any CPU
		{5DABF03A-A552-48E1-B3B6-D0F83E588DA0}.Debug|Any CPU.Build.0 = Debug|Any CPU
		{5DABF03A-A552-48E1-B3B6-D0F83E588DA0}.Release|Any CPU.ActiveCfg = Release|Any CPU
		{5DABF03A-A552-48E1-B3B6-D0F83E588DA0}.Release|Any CPU.Build.0 = Release|Any CPU
		{53D70246-BC24-43B5-8A26-697816237802}.Debug|Any CPU.ActiveCfg = Debug|Any CPU
		{53D70246-BC24-43B5-8A26-697816237802}.Debug|Any CPU.Build.0 = Debug|Any CPU
		{53D70246-BC24-43B5-8A26-697816237802}.Release|Any CPU.ActiveCfg = Release|Any CPU
		{53D70246-BC24-43B5-8A26-697816237802}.Release|Any CPU.Build.0 = Release|Any CPU
		{886F8585-B78D-4AFA-A435-C5DC43D9A4D4}.Debug|Any CPU.ActiveCfg = Debug|Any CPU
		{886F8585-B78D-4AFA-A435-C5DC43D9A4D4}.Debug|Any CPU.Build.0 = Debug|Any CPU
		{886F8585-B78D-4AFA-A435-C5DC43D9A4D4}.Release|Any CPU.ActiveCfg = Release|Any CPU
		{886F8585-B78D-4AFA-A435-C5DC43D9A4D4}.Release|Any CPU.Build.0 = Release|Any CPU
	EndGlobalSection
	GlobalSection(SolutionProperties) = preSolution
		HideSolutionNode = FALSE
	EndGlobalSection
	GlobalSection(ExtensibilityGlobals) = postSolution
		SolutionGuid = {954C99F6-8901-4C8B-BDF8-439C7C6418EC}
	EndGlobalSection
EndGlobal
