
Microsoft Visual Studio Solution File, Format Version 12.00
# Visual Studio Version 17
VisualStudioVersion = 17.14.36705.20 d17.14
MinimumVisualStudioVersion = 10.0.40219.1
Project("{FAE04EC0-301F-11D3-BF4B-00C04F79EFBC}") = "ChatClean", "ChatClean\ChatClean.csproj", "{B89C4990-8D17-4EED-B23C-3A45B7A38C47}"
EndProject
Global
	GlobalSection(SolutionConfigurationPlatforms) = preSolution
		Debug|Any CPU = Debug|Any CPU
		Release|Any CPU = Release|Any CPU
	EndGlobalSection
	GlobalSection(ProjectConfigurationPlatforms) = postSolution
		{B89C4990-8D17-4EED-B23C-3A45B7A38C47}.Debug|Any CPU.ActiveCfg = Debug|Any CPU
		{B89C4990-8D17-4EED-B23C-3A45B7A38C47}.Debug|Any CPU.Build.0 = Debug|Any CPU
		{B89C4990-8D17-4EED-B23C-3A45B7A38C47}.Release|Any CPU.ActiveCfg = Release|Any CPU
		{B89C4990-8D17-4EED-B23C-3A45B7A38C47}.Release|Any CPU.Build.0 = Release|Any CPU
	EndGlobalSection
	GlobalSection(SolutionProperties) = preSolution
		HideSolutionNode = FALSE
	EndGlobalSection
	GlobalSection(ExtensibilityGlobals) = postSolution
		SolutionGuid = {5EE170F2-3358-48F6-903B-E1E3764C3708}
	EndGlobalSection
EndGlobal
