
Microsoft Visual Studio Solution File, Format Version 12.00
# Visual Studio Version 17
VisualStudioVersion = 17.14.36518.9 d17.14
MinimumVisualStudioVersion = 10.0.40219.1
Project("{FAE04EC0-301F-11D3-BF4B-00C04F79EFBC}") = "HelloWorld", "HelloWorld\HelloWorld.csproj", "{B36AA5CA-36D7-4C3E-A30A-46F2E0D05562}"
EndProject
Global
	GlobalSection(SolutionConfigurationPlatforms) = preSolution
		Debug|Any CPU = Debug|Any CPU
		Release|Any CPU = Release|Any CPU
	EndGlobalSection
	GlobalSection(ProjectConfigurationPlatforms) = postSolution
		{B36AA5CA-36D7-4C3E-A30A-46F2E0D05562}.Debug|Any CPU.ActiveCfg = Debug|Any CPU
		{B36AA5CA-36D7-4C3E-A30A-46F2E0D05562}.Debug|Any CPU.Build.0 = Debug|Any CPU
		{B36AA5CA-36D7-4C3E-A30A-46F2E0D05562}.Release|Any CPU.ActiveCfg = Release|Any CPU
		{B36AA5CA-36D7-4C3E-A30A-46F2E0D05562}.Release|Any CPU.Build.0 = Release|Any CPU
	EndGlobalSection
	GlobalSection(SolutionProperties) = preSolution
		HideSolutionNode = FALSE
	EndGlobalSection
	GlobalSection(ExtensibilityGlobals) = postSolution
		SolutionGuid = {BB06A82D-AA7C-412C-A3FC-EE6C7FEF7DEA}
	EndGlobalSection
EndGlobal
